
Microsoft Visual Studio Solution File, Format Version 12.00
# Visual Studio 2012
Project("{FAE04EC0-301F-11D3-BF4B-00C04F79EFBC}") = "WPFDemo", "WPFDemo\WPFDemo.csproj", "{1069B897-76D7-4CA1-81AB-8DF6E655001D}"
EndProject
Global
	GlobalSection(SolutionConfigurationPlatforms) = preSolution
		Debug|Any CPU = Debug|Any CPU
		Release|Any CPU = Release|Any CPU
	EndGlobalSection
	GlobalSection(ProjectConfigurationPlatforms) = postSolution
		{1069B897-76D7-4CA1-81AB-8DF6E655001D}.Debug|Any CPU.ActiveCfg = Debug|Any CPU
		{1069B897-76D7-4CA1-81AB-8DF6E655001D}.Debug|Any CPU.Build.0 = Debug|Any CPU
		{1069B897-76D7-4CA1-81AB-8DF6E655001D}.Release|Any CPU.ActiveCfg = Release|Any CPU
		{1069B897-76D7-4CA1-81AB-8DF6E655001D}.Release|Any CPU.Build.0 = Release|Any CPU
	EndGlobalSection
	GlobalSection(SolutionProperties) = preSolution
		HideSolutionNode = FALSE
	EndGlobalSection
EndGlobal
